
Microsoft Visual Studio Solution File, Format Version 12.00
# Visual Studio Version 16
VisualStudioVersion = 16.0.29306.81
MinimumVisualStudioVersion = 10.0.40219.1
Project("{9A19103F-16F7-4668-BE54-9A1E7A4F7556}") = "ResistorColor", "ResistorColor.csproj", "{8E571220-87E9-4EAE-9A71-386EA04091B1}"
EndProject
Global
	GlobalSection(SolutionConfigurationPlatforms) = preSolution
		Debug|Any CPU = Debug|Any CPU
		Release|Any CPU = Release|Any CPU
	EndGlobalSection
	GlobalSection(ProjectConfigurationPlatforms) = postSolution
		{8E571220-87E9-4EAE-9A71-386EA04091B1}.Debug|Any CPU.ActiveCfg = Debug|Any CPU
		{8E571220-87E9-4EAE-9A71-386EA04091B1}.Debug|Any CPU.Build.0 = Debug|Any CPU
		{8E571220-87E9-4EAE-9A71-386EA04091B1}.Release|Any CPU.ActiveCfg = Release|Any CPU
		{8E571220-87E9-4EAE-9A71-386EA04091B1}.Release|Any CPU.Build.0 = Release|Any CPU
	EndGlobalSection
	GlobalSection(SolutionProperties) = preSolution
		HideSolutionNode = FALSE
	EndGlobalSection
	GlobalSection(ExtensibilityGlobals) = postSolution
		SolutionGuid = {837DA264-654C-43D9-9BE2-5F1A2C7C5091}
	EndGlobalSection
EndGlobal
