
Microsoft Visual Studio Solution File, Format Version 12.00
# Visual Studio Version 16
VisualStudioVersion = 16.0.29306.81
MinimumVisualStudioVersion = 10.0.40219.1
Project("{9A19103F-16F7-4668-BE54-9A1E7A4F7556}") = "Gigasecond", "Gigasecond.csproj", "{70F6266A-6C20-4455-82C1-EBDE25A5EA85}"
EndProject
Global
	GlobalSection(SolutionConfigurationPlatforms) = preSolution
		Debug|Any CPU = Debug|Any CPU
		Release|Any CPU = Release|Any CPU
	EndGlobalSection
	GlobalSection(ProjectConfigurationPlatforms) = postSolution
		{70F6266A-6C20-4455-82C1-EBDE25A5EA85}.Debug|Any CPU.ActiveCfg = Debug|Any CPU
		{70F6266A-6C20-4455-82C1-EBDE25A5EA85}.Debug|Any CPU.Build.0 = Debug|Any CPU
		{70F6266A-6C20-4455-82C1-EBDE25A5EA85}.Release|Any CPU.ActiveCfg = Release|Any CPU
		{70F6266A-6C20-4455-82C1-EBDE25A5EA85}.Release|Any CPU.Build.0 = Release|Any CPU
	EndGlobalSection
	GlobalSection(SolutionProperties) = preSolution
		HideSolutionNode = FALSE
	EndGlobalSection
	GlobalSection(ExtensibilityGlobals) = postSolution
		SolutionGuid = {6B2BA0EB-3309-4AF6-8625-6E26D65C16D4}
	EndGlobalSection
EndGlobal
